{
  "name": "nekopara",
  "version": "0.0.0",
  "lockfileVersion": 1,
  "requires": true,
  "dependencies": {
    "@types/node": {
      "version": "11.13.10",
      "resolved": "https://registry.npmjs.org/@types/node/-/node-11.13.10.tgz",
      "integrity": "sha512-leUNzbFTMX94TWaIKz8N15Chu55F9QSH+INKayQr5xpkasBQBRF3qQXfo3/dOnMU/dEIit+Y/SU8HyOjq++GwA=="
    },
    "qnext": {
      "version": "0.0.2",
      "resolved": "https://registry.npmjs.org/qnext/-/qnext-0.0.2.tgz",
      "integrity": "sha512-jbvYa5AUa9Edrbm0ufaz/I9qZXmRkVV3OMElPT97nRYZAmHpqcpin7LBwB4JuqTLKB4AZ+XvbJoX3gDOBZeyuQ==",
      "requires": {
        "@types/node": "11.13.10"
      }
    },
    "typescript": {
      "version": "3.4.5",
      "resolved": "https://registry.npmjs.org/typescript/-/typescript-3.4.5.tgz",
      "integrity": "sha512-YycBxUb49UUhdNMU5aJ7z5Ej2XGmaIBL0x34vZ82fn3hGvD+bgrMrVDpatgz2f7YxUMJxMkbWxJZeAvDxVe7Vw==",
      "dev": true
    }
  }
}
